
Microsoft Visual Studio Solution File, Format Version 12.00
# Visual Studio Version 16
VisualStudioVersion = 16.0.810.8
MinimumVisualStudioVersion = 10.0.40219.1
Project("{FAE04EC0-301F-11D3-BF4B-00C04F79EFBC}") = "ProjectOnboarding", "ProjectOnboarding.csproj", "{C50BA012-D9AA-4A9F-BD22-061F29F2E43C}"
EndProject
Global
	GlobalSection(SolutionConfigurationPlatforms) = preSolution
		Debug|Any CPU = Debug|Any CPU
		Release|Any CPU = Release|Any CPU
	EndGlobalSection
	GlobalSection(ProjectConfigurationPlatforms) = postSolution
		{C50BA012-D9AA-4A9F-BD22-061F29F2E43C}.Debug|Any CPU.ActiveCfg = Debug|Any CPU
		{C50BA012-D9AA-4A9F-BD22-061F29F2E43C}.Debug|Any CPU.Build.0 = Debug|Any CPU
		{C50BA012-D9AA-4A9F-BD22-061F29F2E43C}.Release|Any CPU.ActiveCfg = Release|Any CPU
		{C50BA012-D9AA-4A9F-BD22-061F29F2E43C}.Release|Any CPU.Build.0 = Release|Any CPU
	EndGlobalSection
	GlobalSection(SolutionProperties) = preSolution
		HideSolutionNode = FALSE
	EndGlobalSection
	GlobalSection(ExtensibilityGlobals) = postSolution
		SolutionGuid = {DA7C3073-55C4-4115-9A06-5D7B148D1D3F}
	EndGlobalSection
EndGlobal
